
Microsoft Visual Studio Solution File, Format Version 12.00
# Visual Studio Version 16
VisualStudioVersion = 16.0.31613.86
MinimumVisualStudioVersion = 10.0.40219.1
Project("{9A19103F-16F7-4668-BE54-9A1E7A4F7556}") = "EssentialTraining", "EssentialTraining\EssentialTraining.csproj", "{F1044EF7-EDB6-42C9-BE0D-CAE4BC29AF8D}"
EndProject
Project("{9A19103F-16F7-4668-BE54-9A1E7A4F7556}") = "EssentialTrainingTests", "EssentialTrainingTests\EssentialTrainingTests.csproj", "{754898CB-C495-409B-8F27-6304B0411008}"
EndProject
Project("{2150E333-8FDC-42A3-9474-1A3956D46DE8}") = "Solution Items", "Solution Items", "{9A46A705-7440-4234-BF46-09876AD815EB}"
EndProject
Project("{FAE04EC0-301F-11D3-BF4B-00C04F79EFBC}") = "EssentialTrainingApp", "EssentialTrainingApp\EssentialTrainingApp.csproj", "{0B20A75D-B3F2-450B-8005-2B72C9C79D80}"
EndProject
Global
	GlobalSection(SolutionConfigurationPlatforms) = preSolution
		Debug|Any CPU = Debug|Any CPU
		Release|Any CPU = Release|Any CPU
	EndGlobalSection
	GlobalSection(ProjectConfigurationPlatforms) = postSolution
		{F1044EF7-EDB6-42C9-BE0D-CAE4BC29AF8D}.Debug|Any CPU.ActiveCfg = Debug|Any CPU
		{F1044EF7-EDB6-42C9-BE0D-CAE4BC29AF8D}.Debug|Any CPU.Build.0 = Debug|Any CPU
		{F1044EF7-EDB6-42C9-BE0D-CAE4BC29AF8D}.Release|Any CPU.ActiveCfg = Release|Any CPU
		{F1044EF7-EDB6-42C9-BE0D-CAE4BC29AF8D}.Release|Any CPU.Build.0 = Release|Any CPU
		{754898CB-C495-409B-8F27-6304B0411008}.Debug|Any CPU.ActiveCfg = Debug|Any CPU
		{754898CB-C495-409B-8F27-6304B0411008}.Debug|Any CPU.Build.0 = Debug|Any CPU
		{754898CB-C495-409B-8F27-6304B0411008}.Release|Any CPU.ActiveCfg = Release|Any CPU
		{754898CB-C495-409B-8F27-6304B0411008}.Release|Any CPU.Build.0 = Release|Any CPU
		{0B20A75D-B3F2-450B-8005-2B72C9C79D80}.Debug|Any CPU.ActiveCfg = Debug|Any CPU
		{0B20A75D-B3F2-450B-8005-2B72C9C79D80}.Debug|Any CPU.Build.0 = Debug|Any CPU
		{0B20A75D-B3F2-450B-8005-2B72C9C79D80}.Release|Any CPU.ActiveCfg = Release|Any CPU
		{0B20A75D-B3F2-450B-8005-2B72C9C79D80}.Release|Any CPU.Build.0 = Release|Any CPU
	EndGlobalSection
	GlobalSection(SolutionProperties) = preSolution
		HideSolutionNode = FALSE
	EndGlobalSection
	GlobalSection(ExtensibilityGlobals) = postSolution
		SolutionGuid = {7090B055-19F7-498C-84EF-CEA0F836678E}
	EndGlobalSection
EndGlobal
